
Microsoft Visual Studio Solution File, Format Version 12.00
# Visual Studio 15
VisualStudioVersion = 15.0.27703.2035
MinimumVisualStudioVersion = 10.0.40219.1
Project("{FAE04EC0-301F-11D3-BF4B-00C04F79EFBC}") = "RangeExercise", "RangeExercise\RangeExercise.csproj", "{B1550687-7FF9-4FDB-A162-B852BA892259}"
EndProject
Global
	GlobalSection(SolutionConfigurationPlatforms) = preSolution
		Debug|Any CPU = Debug|Any CPU
		Release|Any CPU = Release|Any CPU
	EndGlobalSection
	GlobalSection(ProjectConfigurationPlatforms) = postSolution
		{B1550687-7FF9-4FDB-A162-B852BA892259}.Debug|Any CPU.ActiveCfg = Debug|Any CPU
		{B1550687-7FF9-4FDB-A162-B852BA892259}.Debug|Any CPU.Build.0 = Debug|Any CPU
		{B1550687-7FF9-4FDB-A162-B852BA892259}.Release|Any CPU.ActiveCfg = Release|Any CPU
		{B1550687-7FF9-4FDB-A162-B852BA892259}.Release|Any CPU.Build.0 = Release|Any CPU
	EndGlobalSection
	GlobalSection(SolutionProperties) = preSolution
		HideSolutionNode = FALSE
	EndGlobalSection
	GlobalSection(ExtensibilityGlobals) = postSolution
		SolutionGuid = {5599E940-1D6D-4B64-B6F9-3728B5AFE81D}
	EndGlobalSection
EndGlobal
