
Microsoft Visual Studio Solution File, Format Version 12.00
# Visual Studio 15
VisualStudioVersion = 15.0.27703.2026
MinimumVisualStudioVersion = 10.0.40219.1
Project("{FAE04EC0-301F-11D3-BF4B-00C04F79EFBC}") = "RectangleArea", "RectangleArea\RectangleArea.csproj", "{9BA07A87-DAE1-44E5-8DCC-D344846F54AF}"
EndProject
Global
	GlobalSection(SolutionConfigurationPlatforms) = preSolution
		Debug|Any CPU = Debug|Any CPU
		Release|Any CPU = Release|Any CPU
	EndGlobalSection
	GlobalSection(ProjectConfigurationPlatforms) = postSolution
		{9BA07A87-DAE1-44E5-8DCC-D344846F54AF}.Debug|Any CPU.ActiveCfg = Debug|Any CPU
		{9BA07A87-DAE1-44E5-8DCC-D344846F54AF}.Debug|Any CPU.Build.0 = Debug|Any CPU
		{9BA07A87-DAE1-44E5-8DCC-D344846F54AF}.Release|Any CPU.ActiveCfg = Release|Any CPU
		{9BA07A87-DAE1-44E5-8DCC-D344846F54AF}.Release|Any CPU.Build.0 = Release|Any CPU
	EndGlobalSection
	GlobalSection(SolutionProperties) = preSolution
		HideSolutionNode = FALSE
	EndGlobalSection
	GlobalSection(ExtensibilityGlobals) = postSolution
		SolutionGuid = {AEE121B5-0CEE-4CDC-9D6A-601487F6517B}
	EndGlobalSection
EndGlobal
