
Microsoft Visual Studio Solution File, Format Version 12.00
# Visual Studio 15
VisualStudioVersion = 15.0.27703.2035
MinimumVisualStudioVersion = 10.0.40219.1
Project("{FAE04EC0-301F-11D3-BF4B-00C04F79EFBC}") = "Parameters", "Parameters\Parameters.csproj", "{80D4228D-4F01-40C4-8898-EE4CBD180557}"
EndProject
Global
	GlobalSection(SolutionConfigurationPlatforms) = preSolution
		Debug|Any CPU = Debug|Any CPU
		Release|Any CPU = Release|Any CPU
	EndGlobalSection
	GlobalSection(ProjectConfigurationPlatforms) = postSolution
		{80D4228D-4F01-40C4-8898-EE4CBD180557}.Debug|Any CPU.ActiveCfg = Debug|Any CPU
		{80D4228D-4F01-40C4-8898-EE4CBD180557}.Debug|Any CPU.Build.0 = Debug|Any CPU
		{80D4228D-4F01-40C4-8898-EE4CBD180557}.Release|Any CPU.ActiveCfg = Release|Any CPU
		{80D4228D-4F01-40C4-8898-EE4CBD180557}.Release|Any CPU.Build.0 = Release|Any CPU
	EndGlobalSection
	GlobalSection(SolutionProperties) = preSolution
		HideSolutionNode = FALSE
	EndGlobalSection
	GlobalSection(ExtensibilityGlobals) = postSolution
		SolutionGuid = {10E4911E-35A0-452F-86A3-D92B7373B7E5}
	EndGlobalSection
EndGlobal
