
Microsoft Visual Studio Solution File, Format Version 12.00
# Visual Studio 15
VisualStudioVersion = 15.0.28010.2041
MinimumVisualStudioVersion = 10.0.40219.1
Project("{FAE04EC0-301F-11D3-BF4B-00C04F79EFBC}") = "ConfigFile", "ConfigFile\ConfigFile.csproj", "{60EC270B-3424-43E7-B8C5-B5A8AC60AEF1}"
EndProject
Project("{FAE04EC0-301F-11D3-BF4B-00C04F79EFBC}") = "Excel", "Excel\Excel.csproj", "{3B682464-7082-45E8-95A6-FCB942D16345}"
EndProject
Project("{FAE04EC0-301F-11D3-BF4B-00C04F79EFBC}") = "JsonExercise", "JsonExercise\JsonExercise.csproj", "{BD3C5D00-30FD-434E-B821-DDF5D29F3938}"
EndProject
Project("{FAE04EC0-301F-11D3-BF4B-00C04F79EFBC}") = "ADONetExercise", "ADONetExercise\ADONetExercise.csproj", "{F571CC65-7F09-4425-94ED-F0BBDC93B832}"
EndProject
Global
	GlobalSection(SolutionConfigurationPlatforms) = preSolution
		Debug|Any CPU = Debug|Any CPU
		Release|Any CPU = Release|Any CPU
	EndGlobalSection
	GlobalSection(ProjectConfigurationPlatforms) = postSolution
		{60EC270B-3424-43E7-B8C5-B5A8AC60AEF1}.Debug|Any CPU.ActiveCfg = Debug|Any CPU
		{60EC270B-3424-43E7-B8C5-B5A8AC60AEF1}.Debug|Any CPU.Build.0 = Debug|Any CPU
		{60EC270B-3424-43E7-B8C5-B5A8AC60AEF1}.Release|Any CPU.ActiveCfg = Release|Any CPU
		{60EC270B-3424-43E7-B8C5-B5A8AC60AEF1}.Release|Any CPU.Build.0 = Release|Any CPU
		{3B682464-7082-45E8-95A6-FCB942D16345}.Debug|Any CPU.ActiveCfg = Debug|Any CPU
		{3B682464-7082-45E8-95A6-FCB942D16345}.Debug|Any CPU.Build.0 = Debug|Any CPU
		{3B682464-7082-45E8-95A6-FCB942D16345}.Release|Any CPU.ActiveCfg = Release|Any CPU
		{3B682464-7082-45E8-95A6-FCB942D16345}.Release|Any CPU.Build.0 = Release|Any CPU
		{BD3C5D00-30FD-434E-B821-DDF5D29F3938}.Debug|Any CPU.ActiveCfg = Debug|Any CPU
		{BD3C5D00-30FD-434E-B821-DDF5D29F3938}.Debug|Any CPU.Build.0 = Debug|Any CPU
		{BD3C5D00-30FD-434E-B821-DDF5D29F3938}.Release|Any CPU.ActiveCfg = Release|Any CPU
		{BD3C5D00-30FD-434E-B821-DDF5D29F3938}.Release|Any CPU.Build.0 = Release|Any CPU
		{F571CC65-7F09-4425-94ED-F0BBDC93B832}.Debug|Any CPU.ActiveCfg = Debug|Any CPU
		{F571CC65-7F09-4425-94ED-F0BBDC93B832}.Debug|Any CPU.Build.0 = Debug|Any CPU
		{F571CC65-7F09-4425-94ED-F0BBDC93B832}.Release|Any CPU.ActiveCfg = Release|Any CPU
		{F571CC65-7F09-4425-94ED-F0BBDC93B832}.Release|Any CPU.Build.0 = Release|Any CPU
	EndGlobalSection
	GlobalSection(SolutionProperties) = preSolution
		HideSolutionNode = FALSE
	EndGlobalSection
	GlobalSection(ExtensibilityGlobals) = postSolution
		SolutionGuid = {5A67493A-FC8E-4207-8B97-B41E7B286189}
	EndGlobalSection
EndGlobal
