
Microsoft Visual Studio Solution File, Format Version 12.00
# Visual Studio 15
VisualStudioVersion = 15.0.27703.2035
MinimumVisualStudioVersion = 10.0.40219.1
Project("{FAE04EC0-301F-11D3-BF4B-00C04F79EFBC}") = "OrderCost", "OrderCost\OrderCost.csproj", "{45EFA475-51E3-42F1-A281-8D3DCC16A200}"
EndProject
Global
	GlobalSection(SolutionConfigurationPlatforms) = preSolution
		Debug|Any CPU = Debug|Any CPU
		Release|Any CPU = Release|Any CPU
	EndGlobalSection
	GlobalSection(ProjectConfigurationPlatforms) = postSolution
		{45EFA475-51E3-42F1-A281-8D3DCC16A200}.Debug|Any CPU.ActiveCfg = Debug|Any CPU
		{45EFA475-51E3-42F1-A281-8D3DCC16A200}.Debug|Any CPU.Build.0 = Debug|Any CPU
		{45EFA475-51E3-42F1-A281-8D3DCC16A200}.Release|Any CPU.ActiveCfg = Release|Any CPU
		{45EFA475-51E3-42F1-A281-8D3DCC16A200}.Release|Any CPU.Build.0 = Release|Any CPU
	EndGlobalSection
	GlobalSection(SolutionProperties) = preSolution
		HideSolutionNode = FALSE
	EndGlobalSection
	GlobalSection(ExtensibilityGlobals) = postSolution
		SolutionGuid = {9F7AFC95-336A-4028-99A8-EBDD9DDB93AD}
	EndGlobalSection
EndGlobal
