
Microsoft Visual Studio Solution File, Format Version 12.00
# Visual Studio 15
VisualStudioVersion = 15.0.27703.2035
MinimumVisualStudioVersion = 10.0.40219.1
Project("{FAE04EC0-301F-11D3-BF4B-00C04F79EFBC}") = "FunctionExample", "FunctionExample\FunctionExample.csproj", "{D86B5511-4584-41D9-829A-0C56A5D4067D}"
EndProject
Global
	GlobalSection(SolutionConfigurationPlatforms) = preSolution
		Debug|Any CPU = Debug|Any CPU
		Release|Any CPU = Release|Any CPU
	EndGlobalSection
	GlobalSection(ProjectConfigurationPlatforms) = postSolution
		{D86B5511-4584-41D9-829A-0C56A5D4067D}.Debug|Any CPU.ActiveCfg = Debug|Any CPU
		{D86B5511-4584-41D9-829A-0C56A5D4067D}.Debug|Any CPU.Build.0 = Debug|Any CPU
		{D86B5511-4584-41D9-829A-0C56A5D4067D}.Release|Any CPU.ActiveCfg = Release|Any CPU
		{D86B5511-4584-41D9-829A-0C56A5D4067D}.Release|Any CPU.Build.0 = Release|Any CPU
	EndGlobalSection
	GlobalSection(SolutionProperties) = preSolution
		HideSolutionNode = FALSE
	EndGlobalSection
	GlobalSection(ExtensibilityGlobals) = postSolution
		SolutionGuid = {93496A1E-A16E-4718-9C0C-E06DE45E0636}
	EndGlobalSection
EndGlobal
