
Microsoft Visual Studio Solution File, Format Version 12.00
# Visual Studio 15
VisualStudioVersion = 15.0.27703.2026
MinimumVisualStudioVersion = 10.0.40219.1
Project("{FAE04EC0-301F-11D3-BF4B-00C04F79EFBC}") = "L2_Rectangle", "L2_Rectangle\L2_Rectangle.csproj", "{CF313696-3302-4E49-846D-8E97D3DC1ED1}"
EndProject
Global
	GlobalSection(SolutionConfigurationPlatforms) = preSolution
		Debug|Any CPU = Debug|Any CPU
		Release|Any CPU = Release|Any CPU
	EndGlobalSection
	GlobalSection(ProjectConfigurationPlatforms) = postSolution
		{CF313696-3302-4E49-846D-8E97D3DC1ED1}.Debug|Any CPU.ActiveCfg = Debug|Any CPU
		{CF313696-3302-4E49-846D-8E97D3DC1ED1}.Debug|Any CPU.Build.0 = Debug|Any CPU
		{CF313696-3302-4E49-846D-8E97D3DC1ED1}.Release|Any CPU.ActiveCfg = Release|Any CPU
		{CF313696-3302-4E49-846D-8E97D3DC1ED1}.Release|Any CPU.Build.0 = Release|Any CPU
	EndGlobalSection
	GlobalSection(SolutionProperties) = preSolution
		HideSolutionNode = FALSE
	EndGlobalSection
	GlobalSection(ExtensibilityGlobals) = postSolution
		SolutionGuid = {1BA15260-3962-4299-AF7F-B1273F90840E}
	EndGlobalSection
EndGlobal
