
Microsoft Visual Studio Solution File, Format Version 12.00
# Visual Studio 15
VisualStudioVersion = 15.0.27703.2026
MinimumVisualStudioVersion = 10.0.40219.1
Project("{FAE04EC0-301F-11D3-BF4B-00C04F79EFBC}") = "L2_Result", "L2_Result\L2_Result.csproj", "{6AC58E95-5BB7-4DDB-B07B-1420E4172F13}"
EndProject
Global
	GlobalSection(SolutionConfigurationPlatforms) = preSolution
		Debug|Any CPU = Debug|Any CPU
		Release|Any CPU = Release|Any CPU
	EndGlobalSection
	GlobalSection(ProjectConfigurationPlatforms) = postSolution
		{6AC58E95-5BB7-4DDB-B07B-1420E4172F13}.Debug|Any CPU.ActiveCfg = Debug|Any CPU
		{6AC58E95-5BB7-4DDB-B07B-1420E4172F13}.Debug|Any CPU.Build.0 = Debug|Any CPU
		{6AC58E95-5BB7-4DDB-B07B-1420E4172F13}.Release|Any CPU.ActiveCfg = Release|Any CPU
		{6AC58E95-5BB7-4DDB-B07B-1420E4172F13}.Release|Any CPU.Build.0 = Release|Any CPU
	EndGlobalSection
	GlobalSection(SolutionProperties) = preSolution
		HideSolutionNode = FALSE
	EndGlobalSection
	GlobalSection(ExtensibilityGlobals) = postSolution
		SolutionGuid = {5DEA7462-798D-4C8F-B6D5-1700F364CF39}
	EndGlobalSection
EndGlobal
