
Microsoft Visual Studio Solution File, Format Version 12.00
# Visual Studio 15
VisualStudioVersion = 15.0.27703.2042
MinimumVisualStudioVersion = 10.0.40219.1
Project("{FAE04EC0-301F-11D3-BF4B-00C04F79EFBC}") = "Vector", "Vector\Vector.csproj", "{F274D22C-9D14-4DEE-A433-4D69D6739517}"
EndProject
Project("{FAE04EC0-301F-11D3-BF4B-00C04F79EFBC}") = "RangeExercise", "RangeExercise\RangeExercise.csproj", "{FED51CBC-E955-4378-B16C-A39EA00C1BF8}"
EndProject
Project("{FAE04EC0-301F-11D3-BF4B-00C04F79EFBC}") = "ShapesExercise", "ShapesExercise\ShapesExercise.csproj", "{BF612AC2-2F81-4A03-ACC5-BCB6A56661CF}"
EndProject
Project("{FAE04EC0-301F-11D3-BF4B-00C04F79EFBC}") = "VectorUnitTests", "VectorUnitTests\VectorUnitTests.csproj", "{7851C1A4-13B8-44CB-B68C-00C749E7D7BE}"
EndProject
Project("{FAE04EC0-301F-11D3-BF4B-00C04F79EFBC}") = "MatrixExercise", "MatrixExercise\MatrixExercise.csproj", "{C50ADA68-C081-42F4-88F9-2B23A5B52E79}"
EndProject
Project("{FAE04EC0-301F-11D3-BF4B-00C04F79EFBC}") = "ArrayListHome", "ArrayListHome\ArrayListHome.csproj", "{2B58C34E-C1CA-4575-B253-714C4E73BF3D}"
EndProject
Project("{FAE04EC0-301F-11D3-BF4B-00C04F79EFBC}") = "MatrixTests", "MatrixTests\MatrixTests.csproj", "{6CB4BCF9-C9B4-48AA-B16A-2274D0FC0CF5}"
EndProject
Project("{FAE04EC0-301F-11D3-BF4B-00C04F79EFBC}") = "ListExercise", "ListExercise\ListExercise.csproj", "{D8DD1FDE-02A7-40CA-8EDD-E68943ED977E}"
EndProject
Project("{FAE04EC0-301F-11D3-BF4B-00C04F79EFBC}") = "ArrayListExercise", "ArrayListExercise\ArrayListExercise.csproj", "{43D51490-49E5-42EC-9146-6F8C79BD0FF5}"
EndProject
Global
	GlobalSection(SolutionConfigurationPlatforms) = preSolution
		Debug|Any CPU = Debug|Any CPU
		Release|Any CPU = Release|Any CPU
	EndGlobalSection
	GlobalSection(ProjectConfigurationPlatforms) = postSolution
		{F274D22C-9D14-4DEE-A433-4D69D6739517}.Debug|Any CPU.ActiveCfg = Debug|Any CPU
		{F274D22C-9D14-4DEE-A433-4D69D6739517}.Debug|Any CPU.Build.0 = Debug|Any CPU
		{F274D22C-9D14-4DEE-A433-4D69D6739517}.Release|Any CPU.ActiveCfg = Release|Any CPU
		{F274D22C-9D14-4DEE-A433-4D69D6739517}.Release|Any CPU.Build.0 = Release|Any CPU
		{FED51CBC-E955-4378-B16C-A39EA00C1BF8}.Debug|Any CPU.ActiveCfg = Debug|Any CPU
		{FED51CBC-E955-4378-B16C-A39EA00C1BF8}.Debug|Any CPU.Build.0 = Debug|Any CPU
		{FED51CBC-E955-4378-B16C-A39EA00C1BF8}.Release|Any CPU.ActiveCfg = Release|Any CPU
		{FED51CBC-E955-4378-B16C-A39EA00C1BF8}.Release|Any CPU.Build.0 = Release|Any CPU
		{BF612AC2-2F81-4A03-ACC5-BCB6A56661CF}.Debug|Any CPU.ActiveCfg = Debug|Any CPU
		{BF612AC2-2F81-4A03-ACC5-BCB6A56661CF}.Debug|Any CPU.Build.0 = Debug|Any CPU
		{BF612AC2-2F81-4A03-ACC5-BCB6A56661CF}.Release|Any CPU.ActiveCfg = Release|Any CPU
		{BF612AC2-2F81-4A03-ACC5-BCB6A56661CF}.Release|Any CPU.Build.0 = Release|Any CPU
		{7851C1A4-13B8-44CB-B68C-00C749E7D7BE}.Debug|Any CPU.ActiveCfg = Debug|Any CPU
		{7851C1A4-13B8-44CB-B68C-00C749E7D7BE}.Debug|Any CPU.Build.0 = Debug|Any CPU
		{7851C1A4-13B8-44CB-B68C-00C749E7D7BE}.Release|Any CPU.ActiveCfg = Release|Any CPU
		{7851C1A4-13B8-44CB-B68C-00C749E7D7BE}.Release|Any CPU.Build.0 = Release|Any CPU
		{C50ADA68-C081-42F4-88F9-2B23A5B52E79}.Debug|Any CPU.ActiveCfg = Debug|Any CPU
		{C50ADA68-C081-42F4-88F9-2B23A5B52E79}.Debug|Any CPU.Build.0 = Debug|Any CPU
		{C50ADA68-C081-42F4-88F9-2B23A5B52E79}.Release|Any CPU.ActiveCfg = Release|Any CPU
		{C50ADA68-C081-42F4-88F9-2B23A5B52E79}.Release|Any CPU.Build.0 = Release|Any CPU
		{2B58C34E-C1CA-4575-B253-714C4E73BF3D}.Debug|Any CPU.ActiveCfg = Debug|Any CPU
		{2B58C34E-C1CA-4575-B253-714C4E73BF3D}.Debug|Any CPU.Build.0 = Debug|Any CPU
		{2B58C34E-C1CA-4575-B253-714C4E73BF3D}.Release|Any CPU.ActiveCfg = Release|Any CPU
		{2B58C34E-C1CA-4575-B253-714C4E73BF3D}.Release|Any CPU.Build.0 = Release|Any CPU
		{6CB4BCF9-C9B4-48AA-B16A-2274D0FC0CF5}.Debug|Any CPU.ActiveCfg = Debug|Any CPU
		{6CB4BCF9-C9B4-48AA-B16A-2274D0FC0CF5}.Debug|Any CPU.Build.0 = Debug|Any CPU
		{6CB4BCF9-C9B4-48AA-B16A-2274D0FC0CF5}.Release|Any CPU.ActiveCfg = Release|Any CPU
		{6CB4BCF9-C9B4-48AA-B16A-2274D0FC0CF5}.Release|Any CPU.Build.0 = Release|Any CPU
		{D8DD1FDE-02A7-40CA-8EDD-E68943ED977E}.Debug|Any CPU.ActiveCfg = Debug|Any CPU
		{D8DD1FDE-02A7-40CA-8EDD-E68943ED977E}.Debug|Any CPU.Build.0 = Debug|Any CPU
		{D8DD1FDE-02A7-40CA-8EDD-E68943ED977E}.Release|Any CPU.ActiveCfg = Release|Any CPU
		{D8DD1FDE-02A7-40CA-8EDD-E68943ED977E}.Release|Any CPU.Build.0 = Release|Any CPU
		{43D51490-49E5-42EC-9146-6F8C79BD0FF5}.Debug|Any CPU.ActiveCfg = Debug|Any CPU
		{43D51490-49E5-42EC-9146-6F8C79BD0FF5}.Debug|Any CPU.Build.0 = Debug|Any CPU
		{43D51490-49E5-42EC-9146-6F8C79BD0FF5}.Release|Any CPU.ActiveCfg = Release|Any CPU
		{43D51490-49E5-42EC-9146-6F8C79BD0FF5}.Release|Any CPU.Build.0 = Release|Any CPU
	EndGlobalSection
	GlobalSection(SolutionProperties) = preSolution
		HideSolutionNode = FALSE
	EndGlobalSection
	GlobalSection(ExtensibilityGlobals) = postSolution
		SolutionGuid = {FA3DC8CC-F0AA-4182-A401-201A02499E4E}
	EndGlobalSection
EndGlobal
