
Microsoft Visual Studio Solution File, Format Version 12.00
# Visual Studio 15
VisualStudioVersion = 15.0.27703.2042
MinimumVisualStudioVersion = 10.0.40219.1
Project("{FAE04EC0-301F-11D3-BF4B-00C04F79EFBC}") = "Vector", "Vector\Vector.csproj", "{F274D22C-9D14-4DEE-A433-4D69D6739517}"
EndProject
Project("{FAE04EC0-301F-11D3-BF4B-00C04F79EFBC}") = "RangeExercise", "RangeExercise\RangeExercise.csproj", "{FED51CBC-E955-4378-B16C-A39EA00C1BF8}"
EndProject
Project("{FAE04EC0-301F-11D3-BF4B-00C04F79EFBC}") = "ShapesExercise", "ShapesExercise\ShapesExercise.csproj", "{BF612AC2-2F81-4A03-ACC5-BCB6A56661CF}"
EndProject
Global
	GlobalSection(SolutionConfigurationPlatforms) = preSolution
		Debug|Any CPU = Debug|Any CPU
		Release|Any CPU = Release|Any CPU
	EndGlobalSection
	GlobalSection(ProjectConfigurationPlatforms) = postSolution
		{F274D22C-9D14-4DEE-A433-4D69D6739517}.Debug|Any CPU.ActiveCfg = Debug|Any CPU
		{F274D22C-9D14-4DEE-A433-4D69D6739517}.Debug|Any CPU.Build.0 = Debug|Any CPU
		{F274D22C-9D14-4DEE-A433-4D69D6739517}.Release|Any CPU.ActiveCfg = Release|Any CPU
		{F274D22C-9D14-4DEE-A433-4D69D6739517}.Release|Any CPU.Build.0 = Release|Any CPU
		{FED51CBC-E955-4378-B16C-A39EA00C1BF8}.Debug|Any CPU.ActiveCfg = Debug|Any CPU
		{FED51CBC-E955-4378-B16C-A39EA00C1BF8}.Debug|Any CPU.Build.0 = Debug|Any CPU
		{FED51CBC-E955-4378-B16C-A39EA00C1BF8}.Release|Any CPU.ActiveCfg = Release|Any CPU
		{FED51CBC-E955-4378-B16C-A39EA00C1BF8}.Release|Any CPU.Build.0 = Release|Any CPU
		{BF612AC2-2F81-4A03-ACC5-BCB6A56661CF}.Debug|Any CPU.ActiveCfg = Debug|Any CPU
		{BF612AC2-2F81-4A03-ACC5-BCB6A56661CF}.Debug|Any CPU.Build.0 = Debug|Any CPU
		{BF612AC2-2F81-4A03-ACC5-BCB6A56661CF}.Release|Any CPU.ActiveCfg = Release|Any CPU
		{BF612AC2-2F81-4A03-ACC5-BCB6A56661CF}.Release|Any CPU.Build.0 = Release|Any CPU
	EndGlobalSection
	GlobalSection(SolutionProperties) = preSolution
		HideSolutionNode = FALSE
	EndGlobalSection
	GlobalSection(ExtensibilityGlobals) = postSolution
		SolutionGuid = {FA3DC8CC-F0AA-4182-A401-201A02499E4E}
	EndGlobalSection
EndGlobal
